{
  "requires": true,
  "lockfileVersion": 1,
  "dependencies": {
    "wx-search-have-history": {
      "version": "0.0.1",
      "resolved": "https://registry.npmjs.org/wx-search-have-history/-/wx-search-have-history-0.0.1.tgz",
      "integrity": "sha512-bU4wHiLYsJLWJyn+mXSx8wb9KLprmq5kKK8QImIdyzLMuJ0kVHnIZbI67CRfKJx92Jkc+ODyvGJH8EavKDgkiQ=="
    }
  }
}
